// !$*UTF8*$!
{
	archiveVersion = 1;
	classes = {
	};
	objectVersion = 56;
	objects = {

/* Begin PBXBuildFile section */
		66A3E5022C20D2C6004E8043 /* main.m in Sources */ = {isa = PBXBuildFile; fileRef = 66A3E5012C20D2C6004E8043 /* main.m */; };
		66A3E50A2C20D30C004E8043 /* ATApp.m in Sources */ = {isa = PBXBuildFile; fileRef = 66A3E5092C20D30C004E8043 /* ATApp.m */; };
		66A3E50D2C20D326004E8043 /* ATQuote.m in Sources */ = {isa = PBXBuildFile; fileRef = 66A3E50C2C20D326004E8043 /* ATQuote.m */; };
/* End PBXBuildFile section */

/* Begin PBXCopyFilesBuildPhase section */
		66A3E4FC2C20D2C6004E8043 /* CopyFiles */ = {
			isa = PBXCopyFilesBuildPhase;
			buildActionMask = 2147483647;
			dstPath = /usr/share/man/man1/;
			dstSubfolderSpec = 0;
			files = (
			);
			runOnlyForDeploymentPostprocessing = 1;
		};
/* End PBXCopyFilesBuildPhase section */

/* Begin PBXFileReference section */
		66A3E4FE2C20D2C6004E8043 /* SciFiQuotes */ = {isa = PBXFileReference; explicitFileType = "compiled.mach-o.executable"; includeInIndex = 0; path = SciFiQuotes; sourceTree = BUILT_PRODUCTS_DIR; };
		66A3E5012C20D2C6004E8043 /* main.m */ = {isa = PBXFileReference; lastKnownFileType = sourcecode.c.objc; path = main.m; sourceTree = "<group>"; };
		66A3E5082C20D30C004E8043 /* ATApp.h */ = {isa = PBXFileReference; lastKnownFileType = sourcecode.c.h; path = ATApp.h; sourceTree = "<group>"; };
		66A3E5092C20D30C004E8043 /* ATApp.m */ = {isa = PBXFileReference; lastKnownFileType = sourcecode.c.objc; path = ATApp.m; sourceTree = "<group>"; };
		66A3E50B2C20D326004E8043 /* ATQuote.h */ = {isa = PBXFileReference; lastKnownFileType = sourcecode.c.h; path = ATQuote.h; sourceTree = "<group>"; };
		66A3E50C2C20D326004E8043 /* ATQuote.m */ = {isa = PBXFileReference; lastKnownFileType = sourcecode.c.objc; path = ATQuote.m; sourceTree = "<group>"; };
/* End PBXFileReference section */

/* Begin PBXFrameworksBuildPhase section */
		66A3E4FB2C20D2C6004E8043 /* Frameworks */ = {
			isa = PBXFrameworksBuildPhase;
			buildActionMask = 2147483647;
			files = (
			);
			runOnlyForDeploymentPostprocessing = 0;
		};
/* End PBXFrameworksBuildPhase section */

/* Begin PBXGroup section */
		66A3E4F52C20D2C6004E8043 = {
			isa = PBXGroup;
			children = (
				66A3E5002C20D2C6004E8043 /* SciFiQuotes */,
				66A3E4FF2C20D2C6004E8043 /* Products */,
			);
			sourceTree = "<group>";
		};
		66A3E4FF2C20D2C6004E8043 /* Products */ = {
			isa = PBXGroup;
			children = (
				66A3E4FE2C20D2C6004E8043 /* SciFiQuotes */,
			);
			name = Products;
			sourceTree = "<group>";
		};
		66A3E5002C20D2C6004E8043 /* SciFiQuotes */ = {
			isa = PBXGroup;
			children = (
				66A3E5012C20D2C6004E8043 /* main.m */,
				66A3E5082C20D30C004E8043 /* ATApp.h */,
				66A3E5092C20D30C004E8043 /* ATApp.m */,
				66A3E50B2C20D326004E8043 /* ATQuote.h */,
				66A3E50C2C20D326004E8043 /* ATQuote.m */,
			);
			path = SciFiQuotes;
			sourceTree = "<group>";
		};
/* End PBXGroup section */

/* Begin PBXNativeTarget section */
		66A3E4FD2C20D2C6004E8043 /* SciFiQuotes */ = {
			isa = PBXNativeTarget;
			buildConfigurationList = 66A3E5052C20D2C6004E8043 /* Build configuration list for PBXNativeTarget "SciFiQuotes" */;
			buildPhases = (
				66A3E4FA2C20D2C6004E8043 /* Sources */,
				66A3E4FB2C20D2C6004E8043 /* Frameworks */,
				66A3E4FC2C20D2C6004E8043 /* CopyFiles */,
			);
			buildRules = (
			);
			dependencies = (
			);
			name = SciFiQuotes;
			productName = SciFiQuotes;
			productReference = 66A3E4FE2C20D2C6004E8043 /* SciFiQuotes */;
			productType = "com.apple.product-type.tool";
		};
/* End PBXNativeTarget section */

/* Begin PBXProject section */
		66A3E4F62C20D2C6004E8043 /* Project object */ = {
			isa = PBXProject;
			attributes = {
				BuildIndependentTargetsInParallel = 1;
				LastUpgradeCheck = 1540;
				TargetAttributes = {
					66A3E4FD2C20D2C6004E8043 = {
						CreatedOnToolsVersion = 15.4;
					};
				};
			};
			buildConfigurationList = 66A3E4F92C20D2C6004E8043 /* Build configuration list for PBXProject "SciFiQuotes" */;
			compatibilityVersion = "Xcode 14.0";
			developmentRegion = en;
			hasScannedForEncodings = 0;
			knownRegions = (
				en,
				Base,
			);
			mainGroup = 66A3E4F52C20D2C6004E8043;
			productRefGroup = 66A3E4FF2C20D2C6004E8043 /* Products */;
			projectDirPath = "";
			projectRoot = "";
			targets = (
				66A3E4FD2C20D2C6004E8043 /* SciFiQuotes */,
			);
		};
/* End PBXProject section */

/* Begin PBXSourcesBuildPhase section */
		66A3E4FA2C20D2C6004E8043 /* Sources */ = {
			isa = PBXSourcesBuildPhase;
			buildActionMask = 2147483647;
			files = (
				66A3E50D2C20D326004E8043 /* ATQuote.m in Sources */,
				66A3E50A2C20D30C004E8043 /* ATApp.m in Sources */,
				66A3E5022C20D2C6004E8043 /* main.m in Sources */,
			);
			runOnlyForDeploymentPostprocessing = 0;
		};
/* End PBXSourcesBuildPhase section */

/* Begin XCBuildConfiguration section */
		66A3E5032C20D2C6004E8043 /* Debug */ = {
			isa = XCBuildConfiguration;
			buildSettings = {
				ALWAYS_SEARCH_USER_PATHS = NO;
				ASSETCATALOG_COMPILER_GENERATE_SWIFT_ASSET_SYMBOL_EXTENSIONS = YES;
				CLANG_ANALYZER_NONNULL = YES;
				CLANG_ANALYZER_NUMBER_OBJECT_CONVERSION = YES_AGGRESSIVE;
				CLANG_CXX_LANGUAGE_STANDARD = "gnu++20";
				CLANG_ENABLE_MODULES = YES;
				CLANG_ENABLE_OBJC_ARC = YES;
				CLANG_ENABLE_OBJC_WEAK = YES;
				CLANG_WARN_BLOCK_CAPTURE_AUTORELEASING = YES;
				CLANG_WARN_BOOL_CONVERSION = YES;
				CLANG_WARN_COMMA = YES;
				CLANG_WARN_CONSTANT_CONVERSION = YES;
				CLANG_WARN_DEPRECATED_OBJC_IMPLEMENTATIONS = YES;
				CLANG_WARN_DIRECT_OBJC_ISA_USAGE = YES_ERROR;
				CLANG_WARN_DOCUMENTATION_COMMENTS = YES;
				CLANG_WARN_EMPTY_BODY = YES;
				CLANG_WARN_ENUM_CONVERSION = YES;
				CLANG_WARN_INFINITE_RECURSION = YES;
				CLANG_WARN_INT_CONVERSION = YES;
				CLANG_WARN_NON_LITERAL_NULL_CONVERSION = YES;
				CLANG_WARN_OBJC_IMPLICIT_RETAIN_SELF = YES;
				CLANG_WARN_OBJC_LITERAL_CONVERSION = YES;
				CLANG_WARN_OBJC_ROOT_CLASS = YES_ERROR;
				CLANG_WARN_QUOTED_INCLUDE_IN_FRAMEWORK_HEADER = YES;
				CLANG_WARN_RANGE_LOOP_ANALYSIS = YES;
				CLANG_WARN_STRICT_PROTOTYPES = YES;
				CLANG_WARN_SUSPICIOUS_MOVE = YES;
				CLANG_WARN_UNGUARDED_AVAILABILITY = YES_AGGRESSIVE;
				CLANG_WARN_UNREACHABLE_CODE = YES;
				CLANG_WARN__DUPLICATE_METHOD_MATCH = YES;
				COPY_PHASE_STRIP = NO;
				DEBUG_INFORMATION_FORMAT = dwarf;
				ENABLE_STRICT_OBJC_MSGSEND = YES;
				ENABLE_TESTABILITY = YES;
				ENABLE_USER_SCRIPT_SANDBOXING = YES;
				GCC_C_LANGUAGE_STANDARD = gnu17;
				GCC_DYNAMIC_NO_PIC = NO;
				GCC_NO_COMMON_BLOCKS = YES;
				GCC_OPTIMIZATION_LEVEL = 0;
				GCC_PREPROCESSOR_DEFINITIONS = (
					"DEBUG=1",
					"$(inherited)",
				);
				GCC_WARN_64_TO_32_BIT_CONVERSION = YES;
				GCC_WARN_ABOUT_RETURN_TYPE = YES_ERROR;
				GCC_WARN_UNDECLARED_SELECTOR = YES;
				GCC_WARN_UNINITIALIZED_AUTOS = YES_AGGRESSIVE;
				GCC_WARN_UNUSED_FUNCTION = YES;
				GCC_WARN_UNUSED_VARIABLE = YES;
				LOCALIZATION_PREFERS_STRING_CATALOGS = YES;
				MACOSX_DEPLOYMENT_TARGET = 14.5;
				MTL_ENABLE_DEBUG_INFO = INCLUDE_SOURCE;
				MTL_FAST_MATH = YES;
				ONLY_ACTIVE_ARCH = YES;
				SDKROOT = macosx;
			};
			name = Debug;
		};
		66A3E5042C20D2C6004E8043 /* Release */ = {
			isa = XCBuildConfiguration;
			buildSettings = {
				ALWAYS_SEARCH_USER_PATHS = NO;
				ASSETCATALOG_COMPILER_GENERATE_SWIFT_ASSET_SYMBOL_EXTENSIONS = YES;
				CLANG_ANALYZER_NONNULL = YES;
				CLANG_ANALYZER_NUMBER_OBJECT_CONVERSION = YES_AGGRESSIVE;
				CLANG_CXX_LANGUAGE_STANDARD = "gnu++20";
				CLANG_ENABLE_MODULES = YES;
				CLANG_ENABLE_OBJC_ARC = YES;
				CLANG_ENABLE_OBJC_WEAK = YES;
				CLANG_WARN_BLOCK_CAPTURE_AUTORELEASING = YES;
				CLANG_WARN_BOOL_CONVERSION = YES;
				CLANG_WARN_COMMA = YES;
				CLANG_WARN_CONSTANT_CONVERSION = YES;
				CLANG_WARN_DEPRECATED_OBJC_IMPLEMENTATIONS = YES;
				CLANG_WARN_DIRECT_OBJC_ISA_USAGE = YES_ERROR;
				CLANG_WARN_DOCUMENTATION_COMMENTS = YES;
				CLANG_WARN_EMPTY_BODY = YES;
				CLANG_WARN_ENUM_CONVERSION = YES;
				CLANG_WARN_INFINITE_RECURSION = YES;
				CLANG_WARN_INT_CONVERSION = YES;
				CLANG_WARN_NON_LITERAL_NULL_CONVERSION = YES;
				CLANG_WARN_OBJC_IMPLICIT_RETAIN_SELF = YES;
				CLANG_WARN_OBJC_LITERAL_CONVERSION = YES;
				CLANG_WARN_OBJC_ROOT_CLASS = YES_ERROR;
				CLANG_WARN_QUOTED_INCLUDE_IN_FRAMEWORK_HEADER = YES;
				CLANG_WARN_RANGE_LOOP_ANALYSIS = YES;
				CLANG_WARN_STRICT_PROTOTYPES = YES;
				CLANG_WARN_SUSPICIOUS_MOVE = YES;
				CLANG_WARN_UNGUARDED_AVAILABILITY = YES_AGGRESSIVE;
				CLANG_WARN_UNREACHABLE_CODE = YES;
				CLANG_WARN__DUPLICATE_METHOD_MATCH = YES;
				COPY_PHASE_STRIP = NO;
				DEBUG_INFORMATION_FORMAT = "dwarf-with-dsym";
				ENABLE_NS_ASSERTIONS = NO;
				ENABLE_STRICT_OBJC_MSGSEND = YES;
				ENABLE_USER_SCRIPT_SANDBOXING = YES;
				GCC_C_LANGUAGE_STANDARD = gnu17;
				GCC_NO_COMMON_BLOCKS = YES;
				GCC_WARN_64_TO_32_BIT_CONVERSION = YES;
				GCC_WARN_ABOUT_RETURN_TYPE = YES_ERROR;
				GCC_WARN_UNDECLARED_SELECTOR = YES;
				GCC_WARN_UNINITIALIZED_AUTOS = YES_AGGRESSIVE;
				GCC_WARN_UNUSED_FUNCTION = YES;
				GCC_WARN_UNUSED_VARIABLE = YES;
				LOCALIZATION_PREFERS_STRING_CATALOGS = YES;
				MACOSX_DEPLOYMENT_TARGET = 14.5;
				MTL_ENABLE_DEBUG_INFO = NO;
				MTL_FAST_MATH = YES;
				SDKROOT = macosx;
			};
			name = Release;
		};
		66A3E5062C20D2C6004E8043 /* Debug */ = {
			isa = XCBuildConfiguration;
			buildSettings = {
				CODE_SIGN_STYLE = Automatic;
				DEVELOPMENT_TEAM = 474G49AKB2;
				ENABLE_HARDENED_RUNTIME = YES;
				PRODUCT_NAME = "$(TARGET_NAME)";
			};
			name = Debug;
		};
		66A3E5072C20D2C6004E8043 /* Release */ = {
			isa = XCBuildConfiguration;
			buildSettings = {
				CODE_SIGN_STYLE = Automatic;
				DEVELOPMENT_TEAM = 474G49AKB2;
				ENABLE_HARDENED_RUNTIME = YES;
				PRODUCT_NAME = "$(TARGET_NAME)";
			};
			name = Release;
		};
/* End XCBuildConfiguration section */

/* Begin XCConfigurationList section */
		66A3E4F92C20D2C6004E8043 /* Build configuration list for PBXProject "SciFiQuotes" */ = {
			isa = XCConfigurationList;
			buildConfigurations = (
				66A3E5032C20D2C6004E8043 /* Debug */,
				66A3E5042C20D2C6004E8043 /* Release */,
			);
			defaultConfigurationIsVisible = 0;
			defaultConfigurationName = Release;
		};
		66A3E5052C20D2C6004E8043 /* Build configuration list for PBXNativeTarget "SciFiQuotes" */ = {
			isa = XCConfigurationList;
			buildConfigurations = (
				66A3E5062C20D2C6004E8043 /* Debug */,
				66A3E5072C20D2C6004E8043 /* Release */,
			);
			defaultConfigurationIsVisible = 0;
			defaultConfigurationName = Release;
		};
/* End XCConfigurationList section */
	};
	rootObject = 66A3E4F62C20D2C6004E8043 /* Project object */;
}
